// !$*UTF8*$!
{
	archiveVersion = 1;
	classes = {
	};
	objectVersion = 56;
	objects = {

/* Begin PBXBuildFile section */
		0F25257A70E8AE1F62ABB9B9 /* Pods_DogLovers_DogLoversUITests.framework in Frameworks */ = {isa = PBXBuildFile; fileRef = 97A9FAFF33E62789454109BA /* Pods_DogLovers_DogLoversUITests.framework */; };
		49311431264185A64AC72ED3 /* Pods_DogLovers.framework in Frameworks */ = {isa = PBXBuildFile; fileRef = 717028CFC6FA604D2B66411E /* Pods_DogLovers.framework */; };
		61789D2A2BF3019400EFC1A4 /* DogCardView.m in Sources */ = {isa = PBXBuildFile; fileRef = 61789D292BF3019400EFC1A4 /* DogCardView.m */; };
		61789D2C2BF301D600EFC1A4 /* DogCardView.xib in Resources */ = {isa = PBXBuildFile; fileRef = 61789D2B2BF301D600EFC1A4 /* DogCardView.xib */; };
		61B53A3D2BEF1F2C0050A387 /* AppDelegate.m in Sources */ = {isa = PBXBuildFile; fileRef = 61B53A3C2BEF1F2C0050A387 /* AppDelegate.m */; };
		61B53A402BEF1F2C0050A387 /* SceneDelegate.m in Sources */ = {isa = PBXBuildFile; fileRef = 61B53A3F2BEF1F2C0050A387 /* SceneDelegate.m */; };
		61B53A462BEF1F2C0050A387 /* Base in Resources */ = {isa = PBXBuildFile; fileRef = 61B53A452BEF1F2C0050A387 /* Base */; };
		61B53A482BEF1F2E0050A387 /* Assets.xcassets in Resources */ = {isa = PBXBuildFile; fileRef = 61B53A472BEF1F2E0050A387 /* Assets.xcassets */; };
		61B53A4B2BEF1F2E0050A387 /* Base in Resources */ = {isa = PBXBuildFile; fileRef = 61B53A4A2BEF1F2E0050A387 /* Base */; };
		61B53A4E2BEF1F2E0050A387 /* main.m in Sources */ = {isa = PBXBuildFile; fileRef = 61B53A4D2BEF1F2E0050A387 /* main.m */; };
		61B53A582BEF1F2E0050A387 /* DogLoversTests.m in Sources */ = {isa = PBXBuildFile; fileRef = 61B53A572BEF1F2E0050A387 /* DogLoversTests.m */; };
		61B53A622BEF1F2E0050A387 /* DogLoversUITests.m in Sources */ = {isa = PBXBuildFile; fileRef = 61B53A612BEF1F2E0050A387 /* DogLoversUITests.m */; };
		61B53A642BEF1F2E0050A387 /* DogLoversUITestsLaunchTests.m in Sources */ = {isa = PBXBuildFile; fileRef = 61B53A632BEF1F2E0050A387 /* DogLoversUITestsLaunchTests.m */; };
		61FD85842BEF999F004899BC /* Dog.m in Sources */ = {isa = PBXBuildFile; fileRef = 61FD85832BEF999F004899BC /* Dog.m */; };
		61FD85852BEF999F004899BC /* Dog.m in Sources */ = {isa = PBXBuildFile; fileRef = 61FD85832BEF999F004899BC /* Dog.m */; };
		61FD85882BEF99DF004899BC /* Memory.m in Sources */ = {isa = PBXBuildFile; fileRef = 61FD85872BEF99DF004899BC /* Memory.m */; };
		61FD85892BEF99DF004899BC /* Memory.m in Sources */ = {isa = PBXBuildFile; fileRef = 61FD85872BEF99DF004899BC /* Memory.m */; };
		61FD858C2BEF9AA0004899BC /* Game.m in Sources */ = {isa = PBXBuildFile; fileRef = 61FD858B2BEF9AA0004899BC /* Game.m */; };
		61FD858D2BEF9AA0004899BC /* Game.m in Sources */ = {isa = PBXBuildFile; fileRef = 61FD858B2BEF9AA0004899BC /* Game.m */; };
		61FD85912BEFAED2004899BC /* DogGroundController.m in Sources */ = {isa = PBXBuildFile; fileRef = 61FD85902BEFAED2004899BC /* DogGroundController.m */; };
		61FD85942BEFAEED004899BC /* DogCardsController.m in Sources */ = {isa = PBXBuildFile; fileRef = 61FD85932BEFAEED004899BC /* DogCardsController.m */; };
		B9F848B310C47F273F5DD82F /* Pods_DogLoversTests.framework in Frameworks */ = {isa = PBXBuildFile; fileRef = F49526A19B6A132145A05304 /* Pods_DogLoversTests.framework */; };
/* End PBXBuildFile section */

/* Begin PBXContainerItemProxy section */
		61B53A542BEF1F2E0050A387 /* PBXContainerItemProxy */ = {
			isa = PBXContainerItemProxy;
			containerPortal = 61B53A302BEF1F2C0050A387 /* Project object */;
			proxyType = 1;
			remoteGlobalIDString = 61B53A372BEF1F2C0050A387;
			remoteInfo = DogLovers;
		};
		61B53A5E2BEF1F2E0050A387 /* PBXContainerItemProxy */ = {
			isa = PBXContainerItemProxy;
			containerPortal = 61B53A302BEF1F2C0050A387 /* Project object */;
			proxyType = 1;
			remoteGlobalIDString = 61B53A372BEF1F2C0050A387;
			remoteInfo = DogLovers;
		};
/* End PBXContainerItemProxy section */

/* Begin PBXFileReference section */
		05C7F42EB52F930789A71D60 /* Pods-DogLovers-DogLoversUITests.release.xcconfig */ = {isa = PBXFileReference; includeInIndex = 1; lastKnownFileType = text.xcconfig; name = "Pods-DogLovers-DogLoversUITests.release.xcconfig"; path = "Target Support Files/Pods-DogLovers-DogLoversUITests/Pods-DogLovers-DogLoversUITests.release.xcconfig"; sourceTree = "<group>"; };
		139848F9553FAB45A3541949 /* Pods-DogLoversTests.debug.xcconfig */ = {isa = PBXFileReference; includeInIndex = 1; lastKnownFileType = text.xcconfig; name = "Pods-DogLoversTests.debug.xcconfig"; path = "Target Support Files/Pods-DogLoversTests/Pods-DogLoversTests.debug.xcconfig"; sourceTree = "<group>"; };
		30AFC3BB98B3CA500B082F45 /* Pods-DogLovers-DogLoversUITests.debug.xcconfig */ = {isa = PBXFileReference; includeInIndex = 1; lastKnownFileType = text.xcconfig; name = "Pods-DogLovers-DogLoversUITests.debug.xcconfig"; path = "Target Support Files/Pods-DogLovers-DogLoversUITests/Pods-DogLovers-DogLoversUITests.debug.xcconfig"; sourceTree = "<group>"; };
		3528045E21CDA708B44274A0 /* Pods-DogLovers.debug.xcconfig */ = {isa = PBXFileReference; includeInIndex = 1; lastKnownFileType = text.xcconfig; name = "Pods-DogLovers.debug.xcconfig"; path = "Target Support Files/Pods-DogLovers/Pods-DogLovers.debug.xcconfig"; sourceTree = "<group>"; };
		61789D282BF3019400EFC1A4 /* DogCardView.h */ = {isa = PBXFileReference; lastKnownFileType = sourcecode.c.h; path = DogCardView.h; sourceTree = "<group>"; };
		61789D292BF3019400EFC1A4 /* DogCardView.m */ = {isa = PBXFileReference; lastKnownFileType = sourcecode.c.objc; path = DogCardView.m; sourceTree = "<group>"; };
		61789D2B2BF301D600EFC1A4 /* DogCardView.xib */ = {isa = PBXFileReference; lastKnownFileType = file.xib; path = DogCardView.xib; sourceTree = "<group>"; };
		61B53A382BEF1F2C0050A387 /* DogLovers.app */ = {isa = PBXFileReference; explicitFileType = wrapper.application; includeInIndex = 0; path = DogLovers.app; sourceTree = BUILT_PRODUCTS_DIR; };
		61B53A3B2BEF1F2C0050A387 /* AppDelegate.h */ = {isa = PBXFileReference; lastKnownFileType = sourcecode.c.h; path = AppDelegate.h; sourceTree = "<group>"; };
		61B53A3C2BEF1F2C0050A387 /* AppDelegate.m */ = {isa = PBXFileReference; lastKnownFileType = sourcecode.c.objc; path = AppDelegate.m; sourceTree = "<group>"; };
		61B53A3E2BEF1F2C0050A387 /* SceneDelegate.h */ = {isa = PBXFileReference; lastKnownFileType = sourcecode.c.h; path = SceneDelegate.h; sourceTree = "<group>"; };
		61B53A3F2BEF1F2C0050A387 /* SceneDelegate.m */ = {isa = PBXFileReference; lastKnownFileType = sourcecode.c.objc; path = SceneDelegate.m; sourceTree = "<group>"; };
		61B53A452BEF1F2C0050A387 /* Base */ = {isa = PBXFileReference; lastKnownFileType = file.storyboard; name = Base; path = Base.lproj/Main.storyboard; sourceTree = "<group>"; };
		61B53A472BEF1F2E0050A387 /* Assets.xcassets */ = {isa = PBXFileReference; lastKnownFileType = folder.assetcatalog; path = Assets.xcassets; sourceTree = "<group>"; };
		61B53A4A2BEF1F2E0050A387 /* Base */ = {isa = PBXFileReference; lastKnownFileType = file.storyboard; name = Base; path = Base.lproj/LaunchScreen.storyboard; sourceTree = "<group>"; };
		61B53A4C2BEF1F2E0050A387 /* Info.plist */ = {isa = PBXFileReference; lastKnownFileType = text.plist.xml; path = Info.plist; sourceTree = "<group>"; };
		61B53A4D2BEF1F2E0050A387 /* main.m */ = {isa = PBXFileReference; lastKnownFileType = sourcecode.c.objc; path = main.m; sourceTree = "<group>"; };
		61B53A532BEF1F2E0050A387 /* DogLoversTests.xctest */ = {isa = PBXFileReference; explicitFileType = wrapper.cfbundle; includeInIndex = 0; path = DogLoversTests.xctest; sourceTree = BUILT_PRODUCTS_DIR; };
		61B53A572BEF1F2E0050A387 /* DogLoversTests.m */ = {isa = PBXFileReference; lastKnownFileType = sourcecode.c.objc; path = DogLoversTests.m; sourceTree = "<group>"; };
		61B53A5D2BEF1F2E0050A387 /* DogLoversUITests.xctest */ = {isa = PBXFileReference; explicitFileType = wrapper.cfbundle; includeInIndex = 0; path = DogLoversUITests.xctest; sourceTree = BUILT_PRODUCTS_DIR; };
		61B53A612BEF1F2E0050A387 /* DogLoversUITests.m */ = {isa = PBXFileReference; lastKnownFileType = sourcecode.c.objc; path = DogLoversUITests.m; sourceTree = "<group>"; };
		61B53A632BEF1F2E0050A387 /* DogLoversUITestsLaunchTests.m */ = {isa = PBXFileReference; lastKnownFileType = sourcecode.c.objc; path = DogLoversUITestsLaunchTests.m; sourceTree = "<group>"; };
		61FD85822BEF999F004899BC /* Dog.h */ = {isa = PBXFileReference; lastKnownFileType = sourcecode.c.h; path = Dog.h; sourceTree = "<group>"; };
		61FD85832BEF999F004899BC /* Dog.m */ = {isa = PBXFileReference; lastKnownFileType = sourcecode.c.objc; path = Dog.m; sourceTree = "<group>"; };
		61FD85862BEF99DF004899BC /* Memory.h */ = {isa = PBXFileReference; lastKnownFileType = sourcecode.c.h; path = Memory.h; sourceTree = "<group>"; };
		61FD85872BEF99DF004899BC /* Memory.m */ = {isa = PBXFileReference; lastKnownFileType = sourcecode.c.objc; path = Memory.m; sourceTree = "<group>"; };
		61FD858A2BEF9AA0004899BC /* Game.h */ = {isa = PBXFileReference; lastKnownFileType = sourcecode.c.h; path = Game.h; sourceTree = "<group>"; };
		61FD858B2BEF9AA0004899BC /* Game.m */ = {isa = PBXFileReference; lastKnownFileType = sourcecode.c.objc; path = Game.m; sourceTree = "<group>"; };
		61FD858F2BEFAED2004899BC /* DogGroundController.h */ = {isa = PBXFileReference; lastKnownFileType = sourcecode.c.h; path = DogGroundController.h; sourceTree = "<group>"; };
		61FD85902BEFAED2004899BC /* DogGroundController.m */ = {isa = PBXFileReference; lastKnownFileType = sourcecode.c.objc; path = DogGroundController.m; sourceTree = "<group>"; };
		61FD85922BEFAEED004899BC /* DogCardsController.h */ = {isa = PBXFileReference; lastKnownFileType = sourcecode.c.h; path = DogCardsController.h; sourceTree = "<group>"; };
		61FD85932BEFAEED004899BC /* DogCardsController.m */ = {isa = PBXFileReference; lastKnownFileType = sourcecode.c.objc; path = DogCardsController.m; sourceTree = "<group>"; };
		689E09D6156F334B67FA2FA8 /* Pods-DogLoversTests.release.xcconfig */ = {isa = PBXFileReference; includeInIndex = 1; lastKnownFileType = text.xcconfig; name = "Pods-DogLoversTests.release.xcconfig"; path = "Target Support Files/Pods-DogLoversTests/Pods-DogLoversTests.release.xcconfig"; sourceTree = "<group>"; };
		717028CFC6FA604D2B66411E /* Pods_DogLovers.framework */ = {isa = PBXFileReference; explicitFileType = wrapper.framework; includeInIndex = 0; path = Pods_DogLovers.framework; sourceTree = BUILT_PRODUCTS_DIR; };
		776541BF7BB2531A41CEA222 /* Pods-DogLovers.release.xcconfig */ = {isa = PBXFileReference; includeInIndex = 1; lastKnownFileType = text.xcconfig; name = "Pods-DogLovers.release.xcconfig"; path = "Target Support Files/Pods-DogLovers/Pods-DogLovers.release.xcconfig"; sourceTree = "<group>"; };
		97A9FAFF33E62789454109BA /* Pods_DogLovers_DogLoversUITests.framework */ = {isa = PBXFileReference; explicitFileType = wrapper.framework; includeInIndex = 0; path = Pods_DogLovers_DogLoversUITests.framework; sourceTree = BUILT_PRODUCTS_DIR; };
		F49526A19B6A132145A05304 /* Pods_DogLoversTests.framework */ = {isa = PBXFileReference; explicitFileType = wrapper.framework; includeInIndex = 0; path = Pods_DogLoversTests.framework; sourceTree = BUILT_PRODUCTS_DIR; };
/* End PBXFileReference section */

/* Begin PBXFrameworksBuildPhase section */
		61B53A352BEF1F2C0050A387 /* Frameworks */ = {
			isa = PBXFrameworksBuildPhase;
			buildActionMask = 2147483647;
			files = (
				49311431264185A64AC72ED3 /* Pods_DogLovers.framework in Frameworks */,
			);
			runOnlyForDeploymentPostprocessing = 0;
		};
		61B53A502BEF1F2E0050A387 /* Frameworks */ = {
			isa = PBXFrameworksBuildPhase;
			buildActionMask = 2147483647;
			files = (
				B9F848B310C47F273F5DD82F /* Pods_DogLoversTests.framework in Frameworks */,
			);
			runOnlyForDeploymentPostprocessing = 0;
		};
		61B53A5A2BEF1F2E0050A387 /* Frameworks */ = {
			isa = PBXFrameworksBuildPhase;
			buildActionMask = 2147483647;
			files = (
				0F25257A70E8AE1F62ABB9B9 /* Pods_DogLovers_DogLoversUITests.framework in Frameworks */,
			);
			runOnlyForDeploymentPostprocessing = 0;
		};
/* End PBXFrameworksBuildPhase section */

/* Begin PBXGroup section */
		4C1804EB2A9D29B1C02C33F6 /* Pods */ = {
			isa = PBXGroup;
			children = (
				3528045E21CDA708B44274A0 /* Pods-DogLovers.debug.xcconfig */,
				776541BF7BB2531A41CEA222 /* Pods-DogLovers.release.xcconfig */,
				30AFC3BB98B3CA500B082F45 /* Pods-DogLovers-DogLoversUITests.debug.xcconfig */,
				05C7F42EB52F930789A71D60 /* Pods-DogLovers-DogLoversUITests.release.xcconfig */,
				139848F9553FAB45A3541949 /* Pods-DogLoversTests.debug.xcconfig */,
				689E09D6156F334B67FA2FA8 /* Pods-DogLoversTests.release.xcconfig */,
			);
			path = Pods;
			sourceTree = "<group>";
		};
		61789D232BF2F37400EFC1A4 /* DogGround */ = {
			isa = PBXGroup;
			children = (
				61FD858F2BEFAED2004899BC /* DogGroundController.h */,
				61FD85902BEFAED2004899BC /* DogGroundController.m */,
				61789D242BF2F37B00EFC1A4 /* View */,
			);
			path = DogGround;
			sourceTree = "<group>";
		};
		61789D242BF2F37B00EFC1A4 /* View */ = {
			isa = PBXGroup;
			children = (
			);
			path = View;
			sourceTree = "<group>";
		};
		61789D252BF2F38700EFC1A4 /* DogCards */ = {
			isa = PBXGroup;
			children = (
				61789D262BF2F39800EFC1A4 /* View */,
				61FD85922BEFAEED004899BC /* DogCardsController.h */,
				61FD85932BEFAEED004899BC /* DogCardsController.m */,
			);
			path = DogCards;
			sourceTree = "<group>";
		};
		61789D262BF2F39800EFC1A4 /* View */ = {
			isa = PBXGroup;
			children = (
			);
			path = View;
			sourceTree = "<group>";
		};
		61789D272BF2F3AD00EFC1A4 /* View */ = {
			isa = PBXGroup;
			children = (
				61789D282BF3019400EFC1A4 /* DogCardView.h */,
				61789D292BF3019400EFC1A4 /* DogCardView.m */,
				61789D2B2BF301D600EFC1A4 /* DogCardView.xib */,
			);
			path = View;
			sourceTree = "<group>";
		};
		61B53A2F2BEF1F2C0050A387 = {
			isa = PBXGroup;
			children = (
				61B53A3A2BEF1F2C0050A387 /* DogLovers */,
				61B53A562BEF1F2E0050A387 /* DogLoversTests */,
				61B53A602BEF1F2E0050A387 /* DogLoversUITests */,
				61B53A392BEF1F2C0050A387 /* Products */,
				4C1804EB2A9D29B1C02C33F6 /* Pods */,
				6253F44CEB3CE135764CAAAA /* Frameworks */,
			);
			sourceTree = "<group>";
		};
		61B53A392BEF1F2C0050A387 /* Products */ = {
			isa = PBXGroup;
			children = (
				61B53A382BEF1F2C0050A387 /* DogLovers.app */,
				61B53A532BEF1F2E0050A387 /* DogLoversTests.xctest */,
				61B53A5D2BEF1F2E0050A387 /* DogLoversUITests.xctest */,
			);
			name = Products;
			sourceTree = "<group>";
		};
		61B53A3A2BEF1F2C0050A387 /* DogLovers */ = {
			isa = PBXGroup;
			children = (
				61789D272BF2F3AD00EFC1A4 /* View */,
				61FD85812BEF9955004899BC /* Model */,
				61FD858E2BEFAEB2004899BC /* Controller */,
				61B53A3B2BEF1F2C0050A387 /* AppDelegate.h */,
				61B53A3C2BEF1F2C0050A387 /* AppDelegate.m */,
				61B53A3E2BEF1F2C0050A387 /* SceneDelegate.h */,
				61B53A3F2BEF1F2C0050A387 /* SceneDelegate.m */,
				61B53A442BEF1F2C0050A387 /* Main.storyboard */,
				61B53A472BEF1F2E0050A387 /* Assets.xcassets */,
				61B53A492BEF1F2E0050A387 /* LaunchScreen.storyboard */,
				61B53A4C2BEF1F2E0050A387 /* Info.plist */,
				61B53A4D2BEF1F2E0050A387 /* main.m */,
			);
			path = DogLovers;
			sourceTree = "<group>";
		};
		61B53A562BEF1F2E0050A387 /* DogLoversTests */ = {
			isa = PBXGroup;
			children = (
				61B53A572BEF1F2E0050A387 /* DogLoversTests.m */,
			);
			path = DogLoversTests;
			sourceTree = "<group>";
		};
		61B53A602BEF1F2E0050A387 /* DogLoversUITests */ = {
			isa = PBXGroup;
			children = (
				61B53A612BEF1F2E0050A387 /* DogLoversUITests.m */,
				61B53A632BEF1F2E0050A387 /* DogLoversUITestsLaunchTests.m */,
			);
			path = DogLoversUITests;
			sourceTree = "<group>";
		};
		61FD85812BEF9955004899BC /* Model */ = {
			isa = PBXGroup;
			children = (
				61FD85862BEF99DF004899BC /* Memory.h */,
				61FD85872BEF99DF004899BC /* Memory.m */,
				61FD85822BEF999F004899BC /* Dog.h */,
				61FD85832BEF999F004899BC /* Dog.m */,
				61FD858A2BEF9AA0004899BC /* Game.h */,
				61FD858B2BEF9AA0004899BC /* Game.m */,
			);
			path = Model;
			sourceTree = "<group>";
		};
		61FD858E2BEFAEB2004899BC /* Controller */ = {
			isa = PBXGroup;
			children = (
				61789D252BF2F38700EFC1A4 /* DogCards */,
				61789D232BF2F37400EFC1A4 /* DogGround */,
			);
			path = Controller;
			sourceTree = "<group>";
		};
		6253F44CEB3CE135764CAAAA /* Frameworks */ = {
			isa = PBXGroup;
			children = (
				717028CFC6FA604D2B66411E /* Pods_DogLovers.framework */,
				97A9FAFF33E62789454109BA /* Pods_DogLovers_DogLoversUITests.framework */,
				F49526A19B6A132145A05304 /* Pods_DogLoversTests.framework */,
			);
			name = Frameworks;
			sourceTree = "<group>";
		};
/* End PBXGroup section */

/* Begin PBXNativeTarget section */
		61B53A372BEF1F2C0050A387 /* DogLovers */ = {
			isa = PBXNativeTarget;
			buildConfigurationList = 61B53A672BEF1F2E0050A387 /* Build configuration list for PBXNativeTarget "DogLovers" */;
			buildPhases = (
				68CB7EB05C28D72C9ABCB017 /* [CP] Check Pods Manifest.lock */,
				61B53A342BEF1F2C0050A387 /* Sources */,
				61B53A352BEF1F2C0050A387 /* Frameworks */,
				61B53A362BEF1F2C0050A387 /* Resources */,
				F392121E205D6304B89BEC4E /* [CP] Embed Pods Frameworks */,
			);
			buildRules = (
			);
			dependencies = (
			);
			name = DogLovers;
			productName = DogLovers;
			productReference = 61B53A382BEF1F2C0050A387 /* DogLovers.app */;
			productType = "com.apple.product-type.application";
		};
		61B53A522BEF1F2E0050A387 /* DogLoversTests */ = {
			isa = PBXNativeTarget;
			buildConfigurationList = 61B53A6A2BEF1F2E0050A387 /* Build configuration list for PBXNativeTarget "DogLoversTests" */;
			buildPhases = (
				B372F81577E4B77D376D912B /* [CP] Check Pods Manifest.lock */,
				61B53A4F2BEF1F2E0050A387 /* Sources */,
				61B53A502BEF1F2E0050A387 /* Frameworks */,
				61B53A512BEF1F2E0050A387 /* Resources */,
			);
			buildRules = (
			);
			dependencies = (
				61B53A552BEF1F2E0050A387 /* PBXTargetDependency */,
			);
			name = DogLoversTests;
			productName = DogLoversTests;
			productReference = 61B53A532BEF1F2E0050A387 /* DogLoversTests.xctest */;
			productType = "com.apple.product-type.bundle.unit-test";
		};
		61B53A5C2BEF1F2E0050A387 /* DogLoversUITests */ = {
			isa = PBXNativeTarget;
			buildConfigurationList = 61B53A6D2BEF1F2E0050A387 /* Build configuration list for PBXNativeTarget "DogLoversUITests" */;
			buildPhases = (
				6C93580AED3EEF5CB844D966 /* [CP] Check Pods Manifest.lock */,
				61B53A592BEF1F2E0050A387 /* Sources */,
				61B53A5A2BEF1F2E0050A387 /* Frameworks */,
				61B53A5B2BEF1F2E0050A387 /* Resources */,
				E145FF8E6DC1E0458D06EA41 /* [CP] Embed Pods Frameworks */,
			);
			buildRules = (
			);
			dependencies = (
				61B53A5F2BEF1F2E0050A387 /* PBXTargetDependency */,
			);
			name = DogLoversUITests;
			productName = DogLoversUITests;
			productReference = 61B53A5D2BEF1F2E0050A387 /* DogLoversUITests.xctest */;
			productType = "com.apple.product-type.bundle.ui-testing";
		};
/* End PBXNativeTarget section */

/* Begin PBXProject section */
		61B53A302BEF1F2C0050A387 /* Project object */ = {
			isa = PBXProject;
			attributes = {
				BuildIndependentTargetsInParallel = 1;
				LastUpgradeCheck = 1530;
				TargetAttributes = {
					61B53A372BEF1F2C0050A387 = {
						CreatedOnToolsVersion = 15.3;
					};
					61B53A522BEF1F2E0050A387 = {
						CreatedOnToolsVersion = 15.3;
						TestTargetID = 61B53A372BEF1F2C0050A387;
					};
					61B53A5C2BEF1F2E0050A387 = {
						CreatedOnToolsVersion = 15.3;
						TestTargetID = 61B53A372BEF1F2C0050A387;
					};
				};
			};
			buildConfigurationList = 61B53A332BEF1F2C0050A387 /* Build configuration list for PBXProject "DogLovers" */;
			compatibilityVersion = "Xcode 14.0";
			developmentRegion = en;
			hasScannedForEncodings = 0;
			knownRegions = (
				en,
				Base,
			);
			mainGroup = 61B53A2F2BEF1F2C0050A387;
			productRefGroup = 61B53A392BEF1F2C0050A387 /* Products */;
			projectDirPath = "";
			projectRoot = "";
			targets = (
				61B53A372BEF1F2C0050A387 /* DogLovers */,
				61B53A522BEF1F2E0050A387 /* DogLoversTests */,
				61B53A5C2BEF1F2E0050A387 /* DogLoversUITests */,
			);
		};
/* End PBXProject section */

/* Begin PBXResourcesBuildPhase section */
		61B53A362BEF1F2C0050A387 /* Resources */ = {
			isa = PBXResourcesBuildPhase;
			buildActionMask = 2147483647;
			files = (
				61B53A482BEF1F2E0050A387 /* Assets.xcassets in Resources */,
				61B53A4B2BEF1F2E0050A387 /* Base in Resources */,
				61B53A462BEF1F2C0050A387 /* Base in Resources */,
				61789D2C2BF301D600EFC1A4 /* DogCardView.xib in Resources */,
			);
			runOnlyForDeploymentPostprocessing = 0;
		};
		61B53A512BEF1F2E0050A387 /* Resources */ = {
			isa = PBXResourcesBuildPhase;
			buildActionMask = 2147483647;
			files = (
			);
			runOnlyForDeploymentPostprocessing = 0;
		};
		61B53A5B2BEF1F2E0050A387 /* Resources */ = {
			isa = PBXResourcesBuildPhase;
			buildActionMask = 2147483647;
			files = (
			);
			runOnlyForDeploymentPostprocessing = 0;
		};
/* End PBXResourcesBuildPhase section */

/* Begin PBXShellScriptBuildPhase section */
		68CB7EB05C28D72C9ABCB017 /* [CP] Check Pods Manifest.lock */ = {
			isa = PBXShellScriptBuildPhase;
			buildActionMask = 2147483647;
			files = (
			);
			inputFileListPaths = (
			);
			inputPaths = (
				"${PODS_PODFILE_DIR_PATH}/Podfile.lock",
				"${PODS_ROOT}/Manifest.lock",
			);
			name = "[CP] Check Pods Manifest.lock";
			outputFileListPaths = (
			);
			outputPaths = (
				"$(DERIVED_FILE_DIR)/Pods-DogLovers-checkManifestLockResult.txt",
			);
			runOnlyForDeploymentPostprocessing = 0;
			shellPath = /bin/sh;
			shellScript = "diff \"${PODS_PODFILE_DIR_PATH}/Podfile.lock\" \"${PODS_ROOT}/Manifest.lock\" > /dev/null\nif [ $? != 0 ] ; then\n    # print error to STDERR\n    echo \"error: The sandbox is not in sync with the Podfile.lock. Run 'pod install' or update your CocoaPods installation.\" >&2\n    exit 1\nfi\n# This output is used by Xcode 'outputs' to avoid re-running this script phase.\necho \"SUCCESS\" > \"${SCRIPT_OUTPUT_FILE_0}\"\n";
			showEnvVarsInLog = 0;
		};
		6C93580AED3EEF5CB844D966 /* [CP] Check Pods Manifest.lock */ = {
			isa = PBXShellScriptBuildPhase;
			buildActionMask = 2147483647;
			files = (
			);
			inputFileListPaths = (
			);
			inputPaths = (
				"${PODS_PODFILE_DIR_PATH}/Podfile.lock",
				"${PODS_ROOT}/Manifest.lock",
			);
			name = "[CP] Check Pods Manifest.lock";
			outputFileListPaths = (
			);
			outputPaths = (
				"$(DERIVED_FILE_DIR)/Pods-DogLovers-DogLoversUITests-checkManifestLockResult.txt",
			);
			runOnlyForDeploymentPostprocessing = 0;
			shellPath = /bin/sh;
			shellScript = "diff \"${PODS_PODFILE_DIR_PATH}/Podfile.lock\" \"${PODS_ROOT}/Manifest.lock\" > /dev/null\nif [ $? != 0 ] ; then\n    # print error to STDERR\n    echo \"error: The sandbox is not in sync with the Podfile.lock. Run 'pod install' or update your CocoaPods installation.\" >&2\n    exit 1\nfi\n# This output is used by Xcode 'outputs' to avoid re-running this script phase.\necho \"SUCCESS\" > \"${SCRIPT_OUTPUT_FILE_0}\"\n";
			showEnvVarsInLog = 0;
		};
		B372F81577E4B77D376D912B /* [CP] Check Pods Manifest.lock */ = {
			isa = PBXShellScriptBuildPhase;
			buildActionMask = 2147483647;
			files = (
			);
			inputFileListPaths = (
			);
			inputPaths = (
				"${PODS_PODFILE_DIR_PATH}/Podfile.lock",
				"${PODS_ROOT}/Manifest.lock",
			);
			name = "[CP] Check Pods Manifest.lock";
			outputFileListPaths = (
			);
			outputPaths = (
				"$(DERIVED_FILE_DIR)/Pods-DogLoversTests-checkManifestLockResult.txt",
			);
			runOnlyForDeploymentPostprocessing = 0;
			shellPath = /bin/sh;
			shellScript = "diff \"${PODS_PODFILE_DIR_PATH}/Podfile.lock\" \"${PODS_ROOT}/Manifest.lock\" > /dev/null\nif [ $? != 0 ] ; then\n    # print error to STDERR\n    echo \"error: The sandbox is not in sync with the Podfile.lock. Run 'pod install' or update your CocoaPods installation.\" >&2\n    exit 1\nfi\n# This output is used by Xcode 'outputs' to avoid re-running this script phase.\necho \"SUCCESS\" > \"${SCRIPT_OUTPUT_FILE_0}\"\n";
			showEnvVarsInLog = 0;
		};
		E145FF8E6DC1E0458D06EA41 /* [CP] Embed Pods Frameworks */ = {
			isa = PBXShellScriptBuildPhase;
			buildActionMask = 2147483647;
			files = (
			);
			inputFileListPaths = (
				"${PODS_ROOT}/Target Support Files/Pods-DogLovers-DogLoversUITests/Pods-DogLovers-DogLoversUITests-frameworks-${CONFIGURATION}-input-files.xcfilelist",
			);
			name = "[CP] Embed Pods Frameworks";
			outputFileListPaths = (
				"${PODS_ROOT}/Target Support Files/Pods-DogLovers-DogLoversUITests/Pods-DogLovers-DogLoversUITests-frameworks-${CONFIGURATION}-output-files.xcfilelist",
			);
			runOnlyForDeploymentPostprocessing = 0;
			shellPath = /bin/sh;
			shellScript = "\"${PODS_ROOT}/Target Support Files/Pods-DogLovers-DogLoversUITests/Pods-DogLovers-DogLoversUITests-frameworks.sh\"\n";
			showEnvVarsInLog = 0;
		};
		F392121E205D6304B89BEC4E /* [CP] Embed Pods Frameworks */ = {
			isa = PBXShellScriptBuildPhase;
			buildActionMask = 2147483647;
			files = (
			);
			inputFileListPaths = (
				"${PODS_ROOT}/Target Support Files/Pods-DogLovers/Pods-DogLovers-frameworks-${CONFIGURATION}-input-files.xcfilelist",
			);
			name = "[CP] Embed Pods Frameworks";
			outputFileListPaths = (
				"${PODS_ROOT}/Target Support Files/Pods-DogLovers/Pods-DogLovers-frameworks-${CONFIGURATION}-output-files.xcfilelist",
			);
			runOnlyForDeploymentPostprocessing = 0;
			shellPath = /bin/sh;
			shellScript = "\"${PODS_ROOT}/Target Support Files/Pods-DogLovers/Pods-DogLovers-frameworks.sh\"\n";
			showEnvVarsInLog = 0;
		};
/* End PBXShellScriptBuildPhase section */

/* Begin PBXSourcesBuildPhase section */
		61B53A342BEF1F2C0050A387 /* Sources */ = {
			isa = PBXSourcesBuildPhase;
			buildActionMask = 2147483647;
			files = (
				61B53A3D2BEF1F2C0050A387 /* AppDelegate.m in Sources */,
				61FD85842BEF999F004899BC /* Dog.m in Sources */,
				61B53A4E2BEF1F2E0050A387 /* main.m in Sources */,
				61789D2A2BF3019400EFC1A4 /* DogCardView.m in Sources */,
				61FD85882BEF99DF004899BC /* Memory.m in Sources */,
				61FD85942BEFAEED004899BC /* DogCardsController.m in Sources */,
				61FD85912BEFAED2004899BC /* DogGroundController.m in Sources */,
				61FD858C2BEF9AA0004899BC /* Game.m in Sources */,
				61B53A402BEF1F2C0050A387 /* SceneDelegate.m in Sources */,
			);
			runOnlyForDeploymentPostprocessing = 0;
		};
		61B53A4F2BEF1F2E0050A387 /* Sources */ = {
			isa = PBXSourcesBuildPhase;
			buildActionMask = 2147483647;
			files = (
				61FD85852BEF999F004899BC /* Dog.m in Sources */,
				61FD85892BEF99DF004899BC /* Memory.m in Sources */,
				61B53A582BEF1F2E0050A387 /* DogLoversTests.m in Sources */,
				61FD858D2BEF9AA0004899BC /* Game.m in Sources */,
			);
			runOnlyForDeploymentPostprocessing = 0;
		};
		61B53A592BEF1F2E0050A387 /* Sources */ = {
			isa = PBXSourcesBuildPhase;
			buildActionMask = 2147483647;
			files = (
				61B53A642BEF1F2E0050A387 /* DogLoversUITestsLaunchTests.m in Sources */,
				61B53A622BEF1F2E0050A387 /* DogLoversUITests.m in Sources */,
			);
			runOnlyForDeploymentPostprocessing = 0;
		};
/* End PBXSourcesBuildPhase section */

/* Begin PBXTargetDependency section */
		61B53A552BEF1F2E0050A387 /* PBXTargetDependency */ = {
			isa = PBXTargetDependency;
			target = 61B53A372BEF1F2C0050A387 /* DogLovers */;
			targetProxy = 61B53A542BEF1F2E0050A387 /* PBXContainerItemProxy */;
		};
		61B53A5F2BEF1F2E0050A387 /* PBXTargetDependency */ = {
			isa = PBXTargetDependency;
			target = 61B53A372BEF1F2C0050A387 /* DogLovers */;
			targetProxy = 61B53A5E2BEF1F2E0050A387 /* PBXContainerItemProxy */;
		};
/* End PBXTargetDependency section */

/* Begin PBXVariantGroup section */
		61B53A442BEF1F2C0050A387 /* Main.storyboard */ = {
			isa = PBXVariantGroup;
			children = (
				61B53A452BEF1F2C0050A387 /* Base */,
			);
			name = Main.storyboard;
			sourceTree = "<group>";
		};
		61B53A492BEF1F2E0050A387 /* LaunchScreen.storyboard */ = {
			isa = PBXVariantGroup;
			children = (
				61B53A4A2BEF1F2E0050A387 /* Base */,
			);
			name = LaunchScreen.storyboard;
			sourceTree = "<group>";
		};
/* End PBXVariantGroup section */

/* Begin XCBuildConfiguration section */
		61B53A652BEF1F2E0050A387 /* Debug */ = {
			isa = XCBuildConfiguration;
			buildSettings = {
				ALWAYS_SEARCH_USER_PATHS = NO;
				ASSETCATALOG_COMPILER_GENERATE_SWIFT_ASSET_SYMBOL_EXTENSIONS = YES;
				CLANG_ANALYZER_NONNULL = YES;
				CLANG_ANALYZER_NUMBER_OBJECT_CONVERSION = YES_AGGRESSIVE;
				CLANG_CXX_LANGUAGE_STANDARD = "gnu++20";
				CLANG_ENABLE_MODULES = YES;
				CLANG_ENABLE_OBJC_ARC = YES;
				CLANG_ENABLE_OBJC_WEAK = YES;
				CLANG_WARN_BLOCK_CAPTURE_AUTORELEASING = YES;
				CLANG_WARN_BOOL_CONVERSION = YES;
				CLANG_WARN_COMMA = YES;
				CLANG_WARN_CONSTANT_CONVERSION = YES;
				CLANG_WARN_DEPRECATED_OBJC_IMPLEMENTATIONS = YES;
				CLANG_WARN_DIRECT_OBJC_ISA_USAGE = YES_ERROR;
				CLANG_WARN_DOCUMENTATION_COMMENTS = YES;
				CLANG_WARN_EMPTY_BODY = YES;
				CLANG_WARN_ENUM_CONVERSION = YES;
				CLANG_WARN_INFINITE_RECURSION = YES;
				CLANG_WARN_INT_CONVERSION = YES;
				CLANG_WARN_NON_LITERAL_NULL_CONVERSION = YES;
				CLANG_WARN_OBJC_IMPLICIT_RETAIN_SELF = YES;
				CLANG_WARN_OBJC_LITERAL_CONVERSION = YES;
				CLANG_WARN_OBJC_ROOT_CLASS = YES_ERROR;
				CLANG_WARN_QUOTED_INCLUDE_IN_FRAMEWORK_HEADER = YES;
				CLANG_WARN_RANGE_LOOP_ANALYSIS = YES;
				CLANG_WARN_STRICT_PROTOTYPES = YES;
				CLANG_WARN_SUSPICIOUS_MOVE = YES;
				CLANG_WARN_UNGUARDED_AVAILABILITY = YES_AGGRESSIVE;
				CLANG_WARN_UNREACHABLE_CODE = YES;
				CLANG_WARN__DUPLICATE_METHOD_MATCH = YES;
				COPY_PHASE_STRIP = NO;
				DEBUG_INFORMATION_FORMAT = dwarf;
				ENABLE_STRICT_OBJC_MSGSEND = YES;
				ENABLE_TESTABILITY = YES;
				ENABLE_USER_SCRIPT_SANDBOXING = NO;
				GCC_C_LANGUAGE_STANDARD = gnu17;
				GCC_DYNAMIC_NO_PIC = NO;
				GCC_NO_COMMON_BLOCKS = YES;
				GCC_OPTIMIZATION_LEVEL = 0;
				GCC_PREPROCESSOR_DEFINITIONS = (
					"DEBUG=1",
					"$(inherited)",
				);
				GCC_WARN_64_TO_32_BIT_CONVERSION = YES;
				GCC_WARN_ABOUT_RETURN_TYPE = YES_ERROR;
				GCC_WARN_UNDECLARED_SELECTOR = YES;
				GCC_WARN_UNINITIALIZED_AUTOS = YES_AGGRESSIVE;
				GCC_WARN_UNUSED_FUNCTION = YES;
				GCC_WARN_UNUSED_VARIABLE = YES;
				IPHONEOS_DEPLOYMENT_TARGET = 17.4;
				LOCALIZATION_PREFERS_STRING_CATALOGS = YES;
				MTL_ENABLE_DEBUG_INFO = INCLUDE_SOURCE;
				MTL_FAST_MATH = YES;
				ONLY_ACTIVE_ARCH = YES;
				SDKROOT = iphoneos;
			};
			name = Debug;
		};
		61B53A662BEF1F2E0050A387 /* Release */ = {
			isa = XCBuildConfiguration;
			buildSettings = {
				ALWAYS_SEARCH_USER_PATHS = NO;
				ASSETCATALOG_COMPILER_GENERATE_SWIFT_ASSET_SYMBOL_EXTENSIONS = YES;
				CLANG_ANALYZER_NONNULL = YES;
				CLANG_ANALYZER_NUMBER_OBJECT_CONVERSION = YES_AGGRESSIVE;
				CLANG_CXX_LANGUAGE_STANDARD = "gnu++20";
				CLANG_ENABLE_MODULES = YES;
				CLANG_ENABLE_OBJC_ARC = YES;
				CLANG_ENABLE_OBJC_WEAK = YES;
				CLANG_WARN_BLOCK_CAPTURE_AUTORELEASING = YES;
				CLANG_WARN_BOOL_CONVERSION = YES;
				CLANG_WARN_COMMA = YES;
				CLANG_WARN_CONSTANT_CONVERSION = YES;
				CLANG_WARN_DEPRECATED_OBJC_IMPLEMENTATIONS = YES;
				CLANG_WARN_DIRECT_OBJC_ISA_USAGE = YES_ERROR;
				CLANG_WARN_DOCUMENTATION_COMMENTS = YES;
				CLANG_WARN_EMPTY_BODY = YES;
				CLANG_WARN_ENUM_CONVERSION = YES;
				CLANG_WARN_INFINITE_RECURSION = YES;
				CLANG_WARN_INT_CONVERSION = YES;
				CLANG_WARN_NON_LITERAL_NULL_CONVERSION = YES;
				CLANG_WARN_OBJC_IMPLICIT_RETAIN_SELF = YES;
				CLANG_WARN_OBJC_LITERAL_CONVERSION = YES;
				CLANG_WARN_OBJC_ROOT_CLASS = YES_ERROR;
				CLANG_WARN_QUOTED_INCLUDE_IN_FRAMEWORK_HEADER = YES;
				CLANG_WARN_RANGE_LOOP_ANALYSIS = YES;
				CLANG_WARN_STRICT_PROTOTYPES = YES;
				CLANG_WARN_SUSPICIOUS_MOVE = YES;
				CLANG_WARN_UNGUARDED_AVAILABILITY = YES_AGGRESSIVE;
				CLANG_WARN_UNREACHABLE_CODE = YES;
				CLANG_WARN__DUPLICATE_METHOD_MATCH = YES;
				COPY_PHASE_STRIP = NO;
				DEBUG_INFORMATION_FORMAT = "dwarf-with-dsym";
				ENABLE_NS_ASSERTIONS = NO;
				ENABLE_STRICT_OBJC_MSGSEND = YES;
				ENABLE_USER_SCRIPT_SANDBOXING = NO;
				GCC_C_LANGUAGE_STANDARD = gnu17;
				GCC_NO_COMMON_BLOCKS = YES;
				GCC_WARN_64_TO_32_BIT_CONVERSION = YES;
				GCC_WARN_ABOUT_RETURN_TYPE = YES_ERROR;
				GCC_WARN_UNDECLARED_SELECTOR = YES;
				GCC_WARN_UNINITIALIZED_AUTOS = YES_AGGRESSIVE;
				GCC_WARN_UNUSED_FUNCTION = YES;
				GCC_WARN_UNUSED_VARIABLE = YES;
				IPHONEOS_DEPLOYMENT_TARGET = 17.4;
				LOCALIZATION_PREFERS_STRING_CATALOGS = YES;
				MTL_ENABLE_DEBUG_INFO = NO;
				MTL_FAST_MATH = YES;
				SDKROOT = iphoneos;
				VALIDATE_PRODUCT = YES;
			};
			name = Release;
		};
		61B53A682BEF1F2E0050A387 /* Debug */ = {
			isa = XCBuildConfiguration;
			baseConfigurationReference = 3528045E21CDA708B44274A0 /* Pods-DogLovers.debug.xcconfig */;
			buildSettings = {
				ASSETCATALOG_COMPILER_APPICON_NAME = AppIcon;
				ASSETCATALOG_COMPILER_GLOBAL_ACCENT_COLOR_NAME = AccentColor;
				CODE_SIGN_STYLE = Automatic;
				CURRENT_PROJECT_VERSION = 1;
				DEVELOPMENT_TEAM = 6SLD52Y378;
				GENERATE_INFOPLIST_FILE = YES;
				INFOPLIST_FILE = DogLovers/Info.plist;
				INFOPLIST_KEY_UIApplicationSupportsIndirectInputEvents = YES;
				INFOPLIST_KEY_UILaunchStoryboardName = LaunchScreen;
				INFOPLIST_KEY_UIMainStoryboardFile = Main;
				INFOPLIST_KEY_UISupportedInterfaceOrientations_iPad = "UIInterfaceOrientationPortrait UIInterfaceOrientationPortraitUpsideDown UIInterfaceOrientationLandscapeLeft UIInterfaceOrientationLandscapeRight";
				INFOPLIST_KEY_UISupportedInterfaceOrientations_iPhone = "UIInterfaceOrientationPortrait UIInterfaceOrientationLandscapeLeft UIInterfaceOrientationLandscapeRight";
				LD_RUNPATH_SEARCH_PATHS = (
					"$(inherited)",
					"@executable_path/Frameworks",
				);
				MARKETING_VERSION = 1.0;
				PRODUCT_BUNDLE_IDENTIFIER = com.aki.DogLovers;
				PRODUCT_NAME = "$(TARGET_NAME)";
				SWIFT_EMIT_LOC_STRINGS = YES;
				TARGETED_DEVICE_FAMILY = "1,2";
			};
			name = Debug;
		};
		61B53A692BEF1F2E0050A387 /* Release */ = {
			isa = XCBuildConfiguration;
			baseConfigurationReference = 776541BF7BB2531A41CEA222 /* Pods-DogLovers.release.xcconfig */;
			buildSettings = {
				ASSETCATALOG_COMPILER_APPICON_NAME = AppIcon;
				ASSETCATALOG_COMPILER_GLOBAL_ACCENT_COLOR_NAME = AccentColor;
				CODE_SIGN_STYLE = Automatic;
				CURRENT_PROJECT_VERSION = 1;
				DEVELOPMENT_TEAM = 6SLD52Y378;
				GENERATE_INFOPLIST_FILE = YES;
				INFOPLIST_FILE = DogLovers/Info.plist;
				INFOPLIST_KEY_UIApplicationSupportsIndirectInputEvents = YES;
				INFOPLIST_KEY_UILaunchStoryboardName = LaunchScreen;
				INFOPLIST_KEY_UIMainStoryboardFile = Main;
				INFOPLIST_KEY_UISupportedInterfaceOrientations_iPad = "UIInterfaceOrientationPortrait UIInterfaceOrientationPortraitUpsideDown UIInterfaceOrientationLandscapeLeft UIInterfaceOrientationLandscapeRight";
				INFOPLIST_KEY_UISupportedInterfaceOrientations_iPhone = "UIInterfaceOrientationPortrait UIInterfaceOrientationLandscapeLeft UIInterfaceOrientationLandscapeRight";
				LD_RUNPATH_SEARCH_PATHS = (
					"$(inherited)",
					"@executable_path/Frameworks",
				);
				MARKETING_VERSION = 1.0;
				PRODUCT_BUNDLE_IDENTIFIER = com.aki.DogLovers;
				PRODUCT_NAME = "$(TARGET_NAME)";
				SWIFT_EMIT_LOC_STRINGS = YES;
				TARGETED_DEVICE_FAMILY = "1,2";
			};
			name = Release;
		};
		61B53A6B2BEF1F2E0050A387 /* Debug */ = {
			isa = XCBuildConfiguration;
			baseConfigurationReference = 139848F9553FAB45A3541949 /* Pods-DogLoversTests.debug.xcconfig */;
			buildSettings = {
				BUNDLE_LOADER = "$(TEST_HOST)";
				CODE_SIGN_STYLE = Automatic;
				CURRENT_PROJECT_VERSION = 1;
				DEVELOPMENT_TEAM = 6SLD52Y378;
				GENERATE_INFOPLIST_FILE = YES;
				IPHONEOS_DEPLOYMENT_TARGET = 17.4;
				MARKETING_VERSION = 1.0;
				PRODUCT_BUNDLE_IDENTIFIER = com.aki.DogLoversTests;
				PRODUCT_NAME = "$(TARGET_NAME)";
				SWIFT_EMIT_LOC_STRINGS = NO;
				TARGETED_DEVICE_FAMILY = "1,2";
				TEST_HOST = "$(BUILT_PRODUCTS_DIR)/DogLovers.app/$(BUNDLE_EXECUTABLE_FOLDER_PATH)/DogLovers";
			};
			name = Debug;
		};
		61B53A6C2BEF1F2E0050A387 /* Release */ = {
			isa = XCBuildConfiguration;
			baseConfigurationReference = 689E09D6156F334B67FA2FA8 /* Pods-DogLoversTests.release.xcconfig */;
			buildSettings = {
				BUNDLE_LOADER = "$(TEST_HOST)";
				CODE_SIGN_STYLE = Automatic;
				CURRENT_PROJECT_VERSION = 1;
				DEVELOPMENT_TEAM = 6SLD52Y378;
				GENERATE_INFOPLIST_FILE = YES;
				IPHONEOS_DEPLOYMENT_TARGET = 17.4;
				MARKETING_VERSION = 1.0;
				PRODUCT_BUNDLE_IDENTIFIER = com.aki.DogLoversTests;
				PRODUCT_NAME = "$(TARGET_NAME)";
				SWIFT_EMIT_LOC_STRINGS = NO;
				TARGETED_DEVICE_FAMILY = "1,2";
				TEST_HOST = "$(BUILT_PRODUCTS_DIR)/DogLovers.app/$(BUNDLE_EXECUTABLE_FOLDER_PATH)/DogLovers";
			};
			name = Release;
		};
		61B53A6E2BEF1F2E0050A387 /* Debug */ = {
			isa = XCBuildConfiguration;
			baseConfigurationReference = 30AFC3BB98B3CA500B082F45 /* Pods-DogLovers-DogLoversUITests.debug.xcconfig */;
			buildSettings = {
				CODE_SIGN_STYLE = Automatic;
				CURRENT_PROJECT_VERSION = 1;
				DEVELOPMENT_TEAM = 6SLD52Y378;
				GENERATE_INFOPLIST_FILE = YES;
				MARKETING_VERSION = 1.0;
				PRODUCT_BUNDLE_IDENTIFIER = com.aki.DogLoversUITests;
				PRODUCT_NAME = "$(TARGET_NAME)";
				SWIFT_EMIT_LOC_STRINGS = NO;
				TARGETED_DEVICE_FAMILY = "1,2";
				TEST_TARGET_NAME = DogLovers;
			};
			name = Debug;
		};
		61B53A6F2BEF1F2E0050A387 /* Release */ = {
			isa = XCBuildConfiguration;
			baseConfigurationReference = 05C7F42EB52F930789A71D60 /* Pods-DogLovers-DogLoversUITests.release.xcconfig */;
			buildSettings = {
				CODE_SIGN_STYLE = Automatic;
				CURRENT_PROJECT_VERSION = 1;
				DEVELOPMENT_TEAM = 6SLD52Y378;
				GENERATE_INFOPLIST_FILE = YES;
				MARKETING_VERSION = 1.0;
				PRODUCT_BUNDLE_IDENTIFIER = com.aki.DogLoversUITests;
				PRODUCT_NAME = "$(TARGET_NAME)";
				SWIFT_EMIT_LOC_STRINGS = NO;
				TARGETED_DEVICE_FAMILY = "1,2";
				TEST_TARGET_NAME = DogLovers;
			};
			name = Release;
		};
/* End XCBuildConfiguration section */

/* Begin XCConfigurationList section */
		61B53A332BEF1F2C0050A387 /* Build configuration list for PBXProject "DogLovers" */ = {
			isa = XCConfigurationList;
			buildConfigurations = (
				61B53A652BEF1F2E0050A387 /* Debug */,
				61B53A662BEF1F2E0050A387 /* Release */,
			);
			defaultConfigurationIsVisible = 0;
			defaultConfigurationName = Release;
		};
		61B53A672BEF1F2E0050A387 /* Build configuration list for PBXNativeTarget "DogLovers" */ = {
			isa = XCConfigurationList;
			buildConfigurations = (
				61B53A682BEF1F2E0050A387 /* Debug */,
				61B53A692BEF1F2E0050A387 /* Release */,
			);
			defaultConfigurationIsVisible = 0;
			defaultConfigurationName = Release;
		};
		61B53A6A2BEF1F2E0050A387 /* Build configuration list for PBXNativeTarget "DogLoversTests" */ = {
			isa = XCConfigurationList;
			buildConfigurations = (
				61B53A6B2BEF1F2E0050A387 /* Debug */,
				61B53A6C2BEF1F2E0050A387 /* Release */,
			);
			defaultConfigurationIsVisible = 0;
			defaultConfigurationName = Release;
		};
		61B53A6D2BEF1F2E0050A387 /* Build configuration list for PBXNativeTarget "DogLoversUITests" */ = {
			isa = XCConfigurationList;
			buildConfigurations = (
				61B53A6E2BEF1F2E0050A387 /* Debug */,
				61B53A6F2BEF1F2E0050A387 /* Release */,
			);
			defaultConfigurationIsVisible = 0;
			defaultConfigurationName = Release;
		};
/* End XCConfigurationList section */
	};
	rootObject = 61B53A302BEF1F2C0050A387 /* Project object */;
}
